
Microsoft Visual Studio Solution File, Format Version 12.00
# Visual Studio Version 17
VisualStudioVersion = 17.8.34316.72
MinimumVisualStudioVersion = 10.0.40219.1
Project("{FAE04EC0-301F-11D3-BF4B-00C04F79EFBC}") = "ListaDeCompras", "ListaDeCompras\ListaDeCompras.csproj", "{4EB8E0BF-A1FF-4124-AC75-DFD5DC654F5F}"
EndProject
Global
	GlobalSection(SolutionConfigurationPlatforms) = preSolution
		Debug|Any CPU = Debug|Any CPU
		Release|Any CPU = Release|Any CPU
	EndGlobalSection
	GlobalSection(ProjectConfigurationPlatforms) = postSolution
		{4EB8E0BF-A1FF-4124-AC75-DFD5DC654F5F}.Debug|Any CPU.ActiveCfg = Debug|Any CPU
		{4EB8E0BF-A1FF-4124-AC75-DFD5DC654F5F}.Debug|Any CPU.Build.0 = Debug|Any CPU
		{4EB8E0BF-A1FF-4124-AC75-DFD5DC654F5F}.Release|Any CPU.ActiveCfg = Release|Any CPU
		{4EB8E0BF-A1FF-4124-AC75-DFD5DC654F5F}.Release|Any CPU.Build.0 = Release|Any CPU
	EndGlobalSection
	GlobalSection(SolutionProperties) = preSolution
		HideSolutionNode = FALSE
	EndGlobalSection
	GlobalSection(ExtensibilityGlobals) = postSolution
		SolutionGuid = {3C3DFC2B-19AF-4878-9859-83CAA42007EB}
	EndGlobalSection
EndGlobal
